
Microsoft Visual Studio Solution File, Format Version 12.00
# Visual Studio Version 17
VisualStudioVersion = 17.10.34928.147
MinimumVisualStudioVersion = 10.0.40219.1
Project("{FAE04EC0-301F-11D3-BF4B-00C04F79EFBC}") = "TreasureBackEnd", "TreasureBackEnd.csproj", "{D49B53BA-80EB-4D1C-84E1-635CA4CB1FBB}"
EndProject
Global
	GlobalSection(SolutionConfigurationPlatforms) = preSolution
		Debug|Any CPU = Debug|Any CPU
		Release|Any CPU = Release|Any CPU
	EndGlobalSection
	GlobalSection(ProjectConfigurationPlatforms) = postSolution
		{D49B53BA-80EB-4D1C-84E1-635CA4CB1FBB}.Debug|Any CPU.ActiveCfg = Debug|Any CPU
		{D49B53BA-80EB-4D1C-84E1-635CA4CB1FBB}.Debug|Any CPU.Build.0 = Debug|Any CPU
		{D49B53BA-80EB-4D1C-84E1-635CA4CB1FBB}.Release|Any CPU.ActiveCfg = Release|Any CPU
		{D49B53BA-80EB-4D1C-84E1-635CA4CB1FBB}.Release|Any CPU.Build.0 = Release|Any CPU
	EndGlobalSection
	GlobalSection(SolutionProperties) = preSolution
		HideSolutionNode = FALSE
	EndGlobalSection
	GlobalSection(ExtensibilityGlobals) = postSolution
		SolutionGuid = {D8A404CA-1A10-44CB-B7F1-018F561A3F82}
	EndGlobalSection
EndGlobal
